// !$*UTF8*$!
{
	archiveVersion = 1;
	classes = {
	};
	objectVersion = 56;
	objects = {

/* Begin PBXBuildFile section */
		BB083E18296AFAF700CE8683 /* StackViewController.swift in Sources */ = {isa = PBXBuildFile; fileRef = BB083E17296AFAF700CE8683 /* StackViewController.swift */; };
		BB083E1A296D692E00CE8683 /* MyCardView.swift in Sources */ = {isa = PBXBuildFile; fileRef = BB083E19296D692E00CE8683 /* MyCardView.swift */; };
		BBD3A8C6296AA42D00FA8D05 /* AppDelegate.swift in Sources */ = {isa = PBXBuildFile; fileRef = BBD3A8C5296AA42D00FA8D05 /* AppDelegate.swift */; };
		BBD3A8C8296AA42D00FA8D05 /* SceneDelegate.swift in Sources */ = {isa = PBXBuildFile; fileRef = BBD3A8C7296AA42D00FA8D05 /* SceneDelegate.swift */; };
		BBD3A8CA296AA42D00FA8D05 /* ViewController.swift in Sources */ = {isa = PBXBuildFile; fileRef = BBD3A8C9296AA42D00FA8D05 /* ViewController.swift */; };
		BBD3A8CF296AA42E00FA8D05 /* Assets.xcassets in Resources */ = {isa = PBXBuildFile; fileRef = BBD3A8CE296AA42E00FA8D05 /* Assets.xcassets */; };
		BBD3A8D2296AA42E00FA8D05 /* LaunchScreen.storyboard in Resources */ = {isa = PBXBuildFile; fileRef = BBD3A8D0296AA42E00FA8D05 /* LaunchScreen.storyboard */; };
		BBD3A8DB296ACA3500FA8D05 /* SnapKit in Frameworks */ = {isa = PBXBuildFile; productRef = BBD3A8DA296ACA3500FA8D05 /* SnapKit */; };
/* End PBXBuildFile section */

/* Begin PBXFileReference section */
		BB083E17296AFAF700CE8683 /* StackViewController.swift */ = {isa = PBXFileReference; lastKnownFileType = sourcecode.swift; path = StackViewController.swift; sourceTree = "<group>"; };
		BB083E19296D692E00CE8683 /* MyCardView.swift */ = {isa = PBXFileReference; lastKnownFileType = sourcecode.swift; path = MyCardView.swift; sourceTree = "<group>"; };
		BBD3A8C2296AA42D00FA8D05 /* codebase.app */ = {isa = PBXFileReference; explicitFileType = wrapper.application; includeInIndex = 0; path = codebase.app; sourceTree = BUILT_PRODUCTS_DIR; };
		BBD3A8C5296AA42D00FA8D05 /* AppDelegate.swift */ = {isa = PBXFileReference; lastKnownFileType = sourcecode.swift; path = AppDelegate.swift; sourceTree = "<group>"; };
		BBD3A8C7296AA42D00FA8D05 /* SceneDelegate.swift */ = {isa = PBXFileReference; lastKnownFileType = sourcecode.swift; path = SceneDelegate.swift; sourceTree = "<group>"; };
		BBD3A8C9296AA42D00FA8D05 /* ViewController.swift */ = {isa = PBXFileReference; lastKnownFileType = sourcecode.swift; path = ViewController.swift; sourceTree = "<group>"; };
		BBD3A8CE296AA42E00FA8D05 /* Assets.xcassets */ = {isa = PBXFileReference; lastKnownFileType = folder.assetcatalog; path = Assets.xcassets; sourceTree = "<group>"; };
		BBD3A8D1296AA42E00FA8D05 /* Base */ = {isa = PBXFileReference; lastKnownFileType = file.storyboard; name = Base; path = Base.lproj/LaunchScreen.storyboard; sourceTree = "<group>"; };
		BBD3A8D3296AA42E00FA8D05 /* Info.plist */ = {isa = PBXFileReference; lastKnownFileType = text.plist.xml; path = Info.plist; sourceTree = "<group>"; };
/* End PBXFileReference section */

/* Begin PBXFrameworksBuildPhase section */
		BBD3A8BF296AA42D00FA8D05 /* Frameworks */ = {
			isa = PBXFrameworksBuildPhase;
			buildActionMask = 2147483647;
			files = (
				BBD3A8DB296ACA3500FA8D05 /* SnapKit in Frameworks */,
			);
			runOnlyForDeploymentPostprocessing = 0;
		};
/* End PBXFrameworksBuildPhase section */

/* Begin PBXGroup section */
		BB083E1B296D694A00CE8683 /* Components */ = {
			isa = PBXGroup;
			children = (
				BB083E19296D692E00CE8683 /* MyCardView.swift */,
			);
			path = Components;
			sourceTree = "<group>";
		};
		BBD3A8B9296AA42D00FA8D05 = {
			isa = PBXGroup;
			children = (
				BBD3A8C4296AA42D00FA8D05 /* codebase */,
				BBD3A8C3296AA42D00FA8D05 /* Products */,
			);
			sourceTree = "<group>";
		};
		BBD3A8C3296AA42D00FA8D05 /* Products */ = {
			isa = PBXGroup;
			children = (
				BBD3A8C2296AA42D00FA8D05 /* codebase.app */,
			);
			name = Products;
			sourceTree = "<group>";
		};
		BBD3A8C4296AA42D00FA8D05 /* codebase */ = {
			isa = PBXGroup;
			children = (
				BB083E1B296D694A00CE8683 /* Components */,
				BBD3A8C5296AA42D00FA8D05 /* AppDelegate.swift */,
				BBD3A8C7296AA42D00FA8D05 /* SceneDelegate.swift */,
				BBD3A8C9296AA42D00FA8D05 /* ViewController.swift */,
				BBD3A8CE296AA42E00FA8D05 /* Assets.xcassets */,
				BBD3A8D0296AA42E00FA8D05 /* LaunchScreen.storyboard */,
				BBD3A8D3296AA42E00FA8D05 /* Info.plist */,
				BB083E17296AFAF700CE8683 /* StackViewController.swift */,
			);
			path = codebase;
			sourceTree = "<group>";
		};
/* End PBXGroup section */

/* Begin PBXNativeTarget section */
		BBD3A8C1296AA42D00FA8D05 /* codebase */ = {
			isa = PBXNativeTarget;
			buildConfigurationList = BBD3A8D6296AA42E00FA8D05 /* Build configuration list for PBXNativeTarget "codebase" */;
			buildPhases = (
				BBD3A8BE296AA42D00FA8D05 /* Sources */,
				BBD3A8BF296AA42D00FA8D05 /* Frameworks */,
				BBD3A8C0296AA42D00FA8D05 /* Resources */,
			);
			buildRules = (
			);
			dependencies = (
			);
			name = codebase;
			packageProductDependencies = (
				BBD3A8DA296ACA3500FA8D05 /* SnapKit */,
			);
			productName = codebase;
			productReference = BBD3A8C2296AA42D00FA8D05 /* codebase.app */;
			productType = "com.apple.product-type.application";
		};
/* End PBXNativeTarget section */

/* Begin PBXProject section */
		BBD3A8BA296AA42D00FA8D05 /* Project object */ = {
			isa = PBXProject;
			attributes = {
				BuildIndependentTargetsInParallel = 1;
				LastSwiftUpdateCheck = 1400;
				LastUpgradeCheck = 1400;
				TargetAttributes = {
					BBD3A8C1296AA42D00FA8D05 = {
						CreatedOnToolsVersion = 14.0.1;
					};
				};
			};
			buildConfigurationList = BBD3A8BD296AA42D00FA8D05 /* Build configuration list for PBXProject "codebase" */;
			compatibilityVersion = "Xcode 14.0";
			developmentRegion = en;
			hasScannedForEncodings = 0;
			knownRegions = (
				en,
				Base,
			);
			mainGroup = BBD3A8B9296AA42D00FA8D05;
			packageReferences = (
				BBD3A8D9296ACA3500FA8D05 /* XCRemoteSwiftPackageReference "SnapKit" */,
			);
			productRefGroup = BBD3A8C3296AA42D00FA8D05 /* Products */;
			projectDirPath = "";
			projectRoot = "";
			targets = (
				BBD3A8C1296AA42D00FA8D05 /* codebase */,
			);
		};
/* End PBXProject section */

/* Begin PBXResourcesBuildPhase section */
		BBD3A8C0296AA42D00FA8D05 /* Resources */ = {
			isa = PBXResourcesBuildPhase;
			buildActionMask = 2147483647;
			files = (
				BBD3A8D2296AA42E00FA8D05 /* LaunchScreen.storyboard in Resources */,
				BBD3A8CF296AA42E00FA8D05 /* Assets.xcassets in Resources */,
			);
			runOnlyForDeploymentPostprocessing = 0;
		};
/* End PBXResourcesBuildPhase section */

/* Begin PBXSourcesBuildPhase section */
		BBD3A8BE296AA42D00FA8D05 /* Sources */ = {
			isa = PBXSourcesBuildPhase;
			buildActionMask = 2147483647;
			files = (
				BBD3A8CA296AA42D00FA8D05 /* ViewController.swift in Sources */,
				BB083E18296AFAF700CE8683 /* StackViewController.swift in Sources */,
				BBD3A8C6296AA42D00FA8D05 /* AppDelegate.swift in Sources */,
				BB083E1A296D692E00CE8683 /* MyCardView.swift in Sources */,
				BBD3A8C8296AA42D00FA8D05 /* SceneDelegate.swift in Sources */,
			);
			runOnlyForDeploymentPostprocessing = 0;
		};
/* End PBXSourcesBuildPhase section */

/* Begin PBXVariantGroup section */
		BBD3A8D0296AA42E00FA8D05 /* LaunchScreen.storyboard */ = {
			isa = PBXVariantGroup;
			children = (
				BBD3A8D1296AA42E00FA8D05 /* Base */,
			);
			name = LaunchScreen.storyboard;
			sourceTree = "<group>";
		};
/* End PBXVariantGroup section */

/* Begin XCBuildConfiguration section */
		BBD3A8D4296AA42E00FA8D05 /* Debug */ = {
			isa = XCBuildConfiguration;
			buildSettings = {
				ALWAYS_SEARCH_USER_PATHS = NO;
				CLANG_ANALYZER_NONNULL = YES;
				CLANG_ANALYZER_NUMBER_OBJECT_CONVERSION = YES_AGGRESSIVE;
				CLANG_CXX_LANGUAGE_STANDARD = "gnu++20";
				CLANG_ENABLE_MODULES = YES;
				CLANG_ENABLE_OBJC_ARC = YES;
				CLANG_ENABLE_OBJC_WEAK = YES;
				CLANG_WARN_BLOCK_CAPTURE_AUTORELEASING = YES;
				CLANG_WARN_BOOL_CONVERSION = YES;
				CLANG_WARN_COMMA = YES;
				CLANG_WARN_CONSTANT_CONVERSION = YES;
				CLANG_WARN_DEPRECATED_OBJC_IMPLEMENTATIONS = YES;
				CLANG_WARN_DIRECT_OBJC_ISA_USAGE = YES_ERROR;
				CLANG_WARN_DOCUMENTATION_COMMENTS = YES;
				CLANG_WARN_EMPTY_BODY = YES;
				CLANG_WARN_ENUM_CONVERSION = YES;
				CLANG_WARN_INFINITE_RECURSION = YES;
				CLANG_WARN_INT_CONVERSION = YES;
				CLANG_WARN_NON_LITERAL_NULL_CONVERSION = YES;
				CLANG_WARN_OBJC_IMPLICIT_RETAIN_SELF = YES;
				CLANG_WARN_OBJC_LITERAL_CONVERSION = YES;
				CLANG_WARN_OBJC_ROOT_CLASS = YES_ERROR;
				CLANG_WARN_QUOTED_INCLUDE_IN_FRAMEWORK_HEADER = YES;
				CLANG_WARN_RANGE_LOOP_ANALYSIS = YES;
				CLANG_WARN_STRICT_PROTOTYPES = YES;
				CLANG_WARN_SUSPICIOUS_MOVE = YES;
				CLANG_WARN_UNGUARDED_AVAILABILITY = YES_AGGRESSIVE;
				CLANG_WARN_UNREACHABLE_CODE = YES;
				CLANG_WARN__DUPLICATE_METHOD_MATCH = YES;
				COPY_PHASE_STRIP = NO;
				DEBUG_INFORMATION_FORMAT = dwarf;
				ENABLE_STRICT_OBJC_MSGSEND = YES;
				ENABLE_TESTABILITY = YES;
				GCC_C_LANGUAGE_STANDARD = gnu11;
				GCC_DYNAMIC_NO_PIC = NO;
				GCC_NO_COMMON_BLOCKS = YES;
				GCC_OPTIMIZATION_LEVEL = 0;
				GCC_PREPROCESSOR_DEFINITIONS = (
					"DEBUG=1",
					"$(inherited)",
				);
				GCC_WARN_64_TO_32_BIT_CONVERSION = YES;
				GCC_WARN_ABOUT_RETURN_TYPE = YES_ERROR;
				GCC_WARN_UNDECLARED_SELECTOR = YES;
				GCC_WARN_UNINITIALIZED_AUTOS = YES_AGGRESSIVE;
				GCC_WARN_UNUSED_FUNCTION = YES;
				GCC_WARN_UNUSED_VARIABLE = YES;
				IPHONEOS_DEPLOYMENT_TARGET = 16.0;
				MTL_ENABLE_DEBUG_INFO = INCLUDE_SOURCE;
				MTL_FAST_MATH = YES;
				ONLY_ACTIVE_ARCH = YES;
				SDKROOT = iphoneos;
				SWIFT_ACTIVE_COMPILATION_CONDITIONS = DEBUG;
				SWIFT_OPTIMIZATION_LEVEL = "-Onone";
			};
			name = Debug;
		};
		BBD3A8D5296AA42E00FA8D05 /* Release */ = {
			isa = XCBuildConfiguration;
			buildSettings = {
				ALWAYS_SEARCH_USER_PATHS = NO;
				CLANG_ANALYZER_NONNULL = YES;
				CLANG_ANALYZER_NUMBER_OBJECT_CONVERSION = YES_AGGRESSIVE;
				CLANG_CXX_LANGUAGE_STANDARD = "gnu++20";
				CLANG_ENABLE_MODULES = YES;
				CLANG_ENABLE_OBJC_ARC = YES;
				CLANG_ENABLE_OBJC_WEAK = YES;
				CLANG_WARN_BLOCK_CAPTURE_AUTORELEASING = YES;
				CLANG_WARN_BOOL_CONVERSION = YES;
				CLANG_WARN_COMMA = YES;
				CLANG_WARN_CONSTANT_CONVERSION = YES;
				CLANG_WARN_DEPRECATED_OBJC_IMPLEMENTATIONS = YES;
				CLANG_WARN_DIRECT_OBJC_ISA_USAGE = YES_ERROR;
				CLANG_WARN_DOCUMENTATION_COMMENTS = YES;
				CLANG_WARN_EMPTY_BODY = YES;
				CLANG_WARN_ENUM_CONVERSION = YES;
				CLANG_WARN_INFINITE_RECURSION = YES;
				CLANG_WARN_INT_CONVERSION = YES;
				CLANG_WARN_NON_LITERAL_NULL_CONVERSION = YES;
				CLANG_WARN_OBJC_IMPLICIT_RETAIN_SELF = YES;
				CLANG_WARN_OBJC_LITERAL_CONVERSION = YES;
				CLANG_WARN_OBJC_ROOT_CLASS = YES_ERROR;
				CLANG_WARN_QUOTED_INCLUDE_IN_FRAMEWORK_HEADER = YES;
				CLANG_WARN_RANGE_LOOP_ANALYSIS = YES;
				CLANG_WARN_STRICT_PROTOTYPES = YES;
				CLANG_WARN_SUSPICIOUS_MOVE = YES;
				CLANG_WARN_UNGUARDED_AVAILABILITY = YES_AGGRESSIVE;
				CLANG_WARN_UNREACHABLE_CODE = YES;
				CLANG_WARN__DUPLICATE_METHOD_MATCH = YES;
				COPY_PHASE_STRIP = NO;
				DEBUG_INFORMATION_FORMAT = "dwarf-with-dsym";
				ENABLE_NS_ASSERTIONS = NO;
				ENABLE_STRICT_OBJC_MSGSEND = YES;
				GCC_C_LANGUAGE_STANDARD = gnu11;
				GCC_NO_COMMON_BLOCKS = YES;
				GCC_WARN_64_TO_32_BIT_CONVERSION = YES;
				GCC_WARN_ABOUT_RETURN_TYPE = YES_ERROR;
				GCC_WARN_UNDECLARED_SELECTOR = YES;
				GCC_WARN_UNINITIALIZED_AUTOS = YES_AGGRESSIVE;
				GCC_WARN_UNUSED_FUNCTION = YES;
				GCC_WARN_UNUSED_VARIABLE = YES;
				IPHONEOS_DEPLOYMENT_TARGET = 16.0;
				MTL_ENABLE_DEBUG_INFO = NO;
				MTL_FAST_MATH = YES;
				SDKROOT = iphoneos;
				SWIFT_COMPILATION_MODE = wholemodule;
				SWIFT_OPTIMIZATION_LEVEL = "-O";
				VALIDATE_PRODUCT = YES;
			};
			name = Release;
		};
		BBD3A8D7296AA42E00FA8D05 /* Debug */ = {
			isa = XCBuildConfiguration;
			buildSettings = {
				ASSETCATALOG_COMPILER_APPICON_NAME = AppIcon;
				ASSETCATALOG_COMPILER_GLOBAL_ACCENT_COLOR_NAME = AccentColor;
				CODE_SIGN_STYLE = Automatic;
				CURRENT_PROJECT_VERSION = 1;
				GENERATE_INFOPLIST_FILE = YES;
				INFOPLIST_FILE = codebase/Info.plist;
				INFOPLIST_KEY_UIApplicationSupportsIndirectInputEvents = YES;
				INFOPLIST_KEY_UILaunchStoryboardName = LaunchScreen;
				INFOPLIST_KEY_UIStatusBarStyle = "";
				INFOPLIST_KEY_UISupportedInterfaceOrientations_iPad = "UIInterfaceOrientationPortrait UIInterfaceOrientationPortraitUpsideDown UIInterfaceOrientationLandscapeLeft UIInterfaceOrientationLandscapeRight";
				INFOPLIST_KEY_UISupportedInterfaceOrientations_iPhone = "UIInterfaceOrientationPortrait UIInterfaceOrientationLandscapeLeft UIInterfaceOrientationLandscapeRight";
				LD_RUNPATH_SEARCH_PATHS = (
					"$(inherited)",
					"@executable_path/Frameworks",
				);
				MARKETING_VERSION = 1.0;
				PRODUCT_BUNDLE_IDENTIFIER = com.uikit.codebase;
				PRODUCT_NAME = "$(TARGET_NAME)";
				SWIFT_EMIT_LOC_STRINGS = YES;
				SWIFT_VERSION = 5.0;
				TARGETED_DEVICE_FAMILY = "1,2";
			};
			name = Debug;
		};
		BBD3A8D8296AA42E00FA8D05 /* Release */ = {
			isa = XCBuildConfiguration;
			buildSettings = {
				ASSETCATALOG_COMPILER_APPICON_NAME = AppIcon;
				ASSETCATALOG_COMPILER_GLOBAL_ACCENT_COLOR_NAME = AccentColor;
				CODE_SIGN_STYLE = Automatic;
				CURRENT_PROJECT_VERSION = 1;
				GENERATE_INFOPLIST_FILE = YES;
				INFOPLIST_FILE = codebase/Info.plist;
				INFOPLIST_KEY_UIApplicationSupportsIndirectInputEvents = YES;
				INFOPLIST_KEY_UILaunchStoryboardName = LaunchScreen;
				INFOPLIST_KEY_UIStatusBarStyle = "";
				INFOPLIST_KEY_UISupportedInterfaceOrientations_iPad = "UIInterfaceOrientationPortrait UIInterfaceOrientationPortraitUpsideDown UIInterfaceOrientationLandscapeLeft UIInterfaceOrientationLandscapeRight";
				INFOPLIST_KEY_UISupportedInterfaceOrientations_iPhone = "UIInterfaceOrientationPortrait UIInterfaceOrientationLandscapeLeft UIInterfaceOrientationLandscapeRight";
				LD_RUNPATH_SEARCH_PATHS = (
					"$(inherited)",
					"@executable_path/Frameworks",
				);
				MARKETING_VERSION = 1.0;
				PRODUCT_BUNDLE_IDENTIFIER = com.uikit.codebase;
				PRODUCT_NAME = "$(TARGET_NAME)";
				SWIFT_EMIT_LOC_STRINGS = YES;
				SWIFT_VERSION = 5.0;
				TARGETED_DEVICE_FAMILY = "1,2";
			};
			name = Release;
		};
/* End XCBuildConfiguration section */

/* Begin XCConfigurationList section */
		BBD3A8BD296AA42D00FA8D05 /* Build configuration list for PBXProject "codebase" */ = {
			isa = XCConfigurationList;
			buildConfigurations = (
				BBD3A8D4296AA42E00FA8D05 /* Debug */,
				BBD3A8D5296AA42E00FA8D05 /* Release */,
			);
			defaultConfigurationIsVisible = 0;
			defaultConfigurationName = Release;
		};
		BBD3A8D6296AA42E00FA8D05 /* Build configuration list for PBXNativeTarget "codebase" */ = {
			isa = XCConfigurationList;
			buildConfigurations = (
				BBD3A8D7296AA42E00FA8D05 /* Debug */,
				BBD3A8D8296AA42E00FA8D05 /* Release */,
			);
			defaultConfigurationIsVisible = 0;
			defaultConfigurationName = Release;
		};
/* End XCConfigurationList section */

/* Begin XCRemoteSwiftPackageReference section */
		BBD3A8D9296ACA3500FA8D05 /* XCRemoteSwiftPackageReference "SnapKit" */ = {
			isa = XCRemoteSwiftPackageReference;
			repositoryURL = "https://github.com/SnapKit/SnapKit.git";
			requirement = {
				kind = upToNextMajorVersion;
				minimumVersion = 5.0.0;
			};
		};
/* End XCRemoteSwiftPackageReference section */

/* Begin XCSwiftPackageProductDependency section */
		BBD3A8DA296ACA3500FA8D05 /* SnapKit */ = {
			isa = XCSwiftPackageProductDependency;
			package = BBD3A8D9296ACA3500FA8D05 /* XCRemoteSwiftPackageReference "SnapKit" */;
			productName = SnapKit;
		};
/* End XCSwiftPackageProductDependency section */
	};
	rootObject = BBD3A8BA296AA42D00FA8D05 /* Project object */;
}
